
Microsoft Visual Studio Solution File, Format Version 12.00
# Visual Studio 14
VisualStudioVersion = 14.0.25420.1
MinimumVisualStudioVersion = 10.0.40219.1
Project("{FAE04EC0-301F-11D3-BF4B-00C04F79EFBC}") = "MathServer", "MathServer\MathServer.csproj", "{B95E8C4F-A809-4AD8-86B4-B038B7CEC979}"
EndProject
Project("{FAE04EC0-301F-11D3-BF4B-00C04F79EFBC}") = "MathClient", "MathClient\MathClient.csproj", "{9E600DB3-4306-4E0B-8132-137C5EF154E3}"
EndProject
Global
	GlobalSection(SolutionConfigurationPlatforms) = preSolution
		Debug|Any CPU = Debug|Any CPU
		Release|Any CPU = Release|Any CPU
	EndGlobalSection
	GlobalSection(ProjectConfigurationPlatforms) = postSolution
		{B95E8C4F-A809-4AD8-86B4-B038B7CEC979}.Debug|Any CPU.ActiveCfg = Debug|Any CPU
		{B95E8C4F-A809-4AD8-86B4-B038B7CEC979}.Debug|Any CPU.Build.0 = Debug|Any CPU
		{B95E8C4F-A809-4AD8-86B4-B038B7CEC979}.Release|Any CPU.ActiveCfg = Release|Any CPU
		{B95E8C4F-A809-4AD8-86B4-B038B7CEC979}.Release|Any CPU.Build.0 = Release|Any CPU
		{9E600DB3-4306-4E0B-8132-137C5EF154E3}.Debug|Any CPU.ActiveCfg = Debug|Any CPU
		{9E600DB3-4306-4E0B-8132-137C5EF154E3}.Debug|Any CPU.Build.0 = Debug|Any CPU
		{9E600DB3-4306-4E0B-8132-137C5EF154E3}.Release|Any CPU.ActiveCfg = Release|Any CPU
		{9E600DB3-4306-4E0B-8132-137C5EF154E3}.Release|Any CPU.Build.0 = Release|Any CPU
	EndGlobalSection
	GlobalSection(SolutionProperties) = preSolution
		HideSolutionNode = FALSE
	EndGlobalSection
EndGlobal
